// !$*UTF8*$!
{
	archiveVersion = 1;
	classes = {
	};
	objectVersion = 56;
	objects = {

/* Begin PBXBuildFile section */
		93AE3CE62B659BD50079217F /* Trivia_GameApp.swift in Sources */ = {isa = PBXBuildFile; fileRef = 93AE3CE52B659BD50079217F /* Trivia_GameApp.swift */; };
		93AE3CE82B659BD50079217F /* ContentView.swift in Sources */ = {isa = PBXBuildFile; fileRef = 93AE3CE72B659BD50079217F /* ContentView.swift */; };
		93AE3CEA2B659BD70079217F /* Assets.xcassets in Resources */ = {isa = PBXBuildFile; fileRef = 93AE3CE92B659BD70079217F /* Assets.xcassets */; };
		93AE3CED2B659BD70079217F /* Preview Assets.xcassets in Resources */ = {isa = PBXBuildFile; fileRef = 93AE3CEC2B659BD70079217F /* Preview Assets.xcassets */; };
		93AE3CF72B659BD70079217F /* Trivia_GameTests.swift in Sources */ = {isa = PBXBuildFile; fileRef = 93AE3CF62B659BD70079217F /* Trivia_GameTests.swift */; };
		93AE3D012B659BD70079217F /* Trivia_GameUITests.swift in Sources */ = {isa = PBXBuildFile; fileRef = 93AE3D002B659BD70079217F /* Trivia_GameUITests.swift */; };
		93AE3D032B659BD70079217F /* Trivia_GameUITestsLaunchTests.swift in Sources */ = {isa = PBXBuildFile; fileRef = 93AE3D022B659BD70079217F /* Trivia_GameUITestsLaunchTests.swift */; };
/* End PBXBuildFile section */

/* Begin PBXContainerItemProxy section */
		93AE3CF32B659BD70079217F /* PBXContainerItemProxy */ = {
			isa = PBXContainerItemProxy;
			containerPortal = 93AE3CDA2B659BD50079217F /* Project object */;
			proxyType = 1;
			remoteGlobalIDString = 93AE3CE12B659BD50079217F;
			remoteInfo = "Trivia Game";
		};
		93AE3CFD2B659BD70079217F /* PBXContainerItemProxy */ = {
			isa = PBXContainerItemProxy;
			containerPortal = 93AE3CDA2B659BD50079217F /* Project object */;
			proxyType = 1;
			remoteGlobalIDString = 93AE3CE12B659BD50079217F;
			remoteInfo = "Trivia Game";
		};
/* End PBXContainerItemProxy section */

/* Begin PBXFileReference section */
		93AE3CE22B659BD50079217F /* Trivia Game.app */ = {isa = PBXFileReference; explicitFileType = wrapper.application; includeInIndex = 0; path = "Trivia Game.app"; sourceTree = BUILT_PRODUCTS_DIR; };
		93AE3CE52B659BD50079217F /* Trivia_GameApp.swift */ = {isa = PBXFileReference; lastKnownFileType = sourcecode.swift; path = Trivia_GameApp.swift; sourceTree = "<group>"; };
		93AE3CE72B659BD50079217F /* ContentView.swift */ = {isa = PBXFileReference; lastKnownFileType = sourcecode.swift; path = ContentView.swift; sourceTree = "<group>"; };
		93AE3CE92B659BD70079217F /* Assets.xcassets */ = {isa = PBXFileReference; lastKnownFileType = folder.assetcatalog; path = Assets.xcassets; sourceTree = "<group>"; };
		93AE3CEC2B659BD70079217F /* Preview Assets.xcassets */ = {isa = PBXFileReference; lastKnownFileType = folder.assetcatalog; path = "Preview Assets.xcassets"; sourceTree = "<group>"; };
		93AE3CF22B659BD70079217F /* Trivia GameTests.xctest */ = {isa = PBXFileReference; explicitFileType = wrapper.cfbundle; includeInIndex = 0; path = "Trivia GameTests.xctest"; sourceTree = BUILT_PRODUCTS_DIR; };
		93AE3CF62B659BD70079217F /* Trivia_GameTests.swift */ = {isa = PBXFileReference; lastKnownFileType = sourcecode.swift; path = Trivia_GameTests.swift; sourceTree = "<group>"; };
		93AE3CFC2B659BD70079217F /* Trivia GameUITests.xctest */ = {isa = PBXFileReference; explicitFileType = wrapper.cfbundle; includeInIndex = 0; path = "Trivia GameUITests.xctest"; sourceTree = BUILT_PRODUCTS_DIR; };
		93AE3D002B659BD70079217F /* Trivia_GameUITests.swift */ = {isa = PBXFileReference; lastKnownFileType = sourcecode.swift; path = Trivia_GameUITests.swift; sourceTree = "<group>"; };
		93AE3D022B659BD70079217F /* Trivia_GameUITestsLaunchTests.swift */ = {isa = PBXFileReference; lastKnownFileType = sourcecode.swift; path = Trivia_GameUITestsLaunchTests.swift; sourceTree = "<group>"; };
/* End PBXFileReference section */

/* Begin PBXFrameworksBuildPhase section */
		93AE3CDF2B659BD50079217F /* Frameworks */ = {
			isa = PBXFrameworksBuildPhase;
			buildActionMask = 2147483647;
			files = (
			);
			runOnlyForDeploymentPostprocessing = 0;
		};
		93AE3CEF2B659BD70079217F /* Frameworks */ = {
			isa = PBXFrameworksBuildPhase;
			buildActionMask = 2147483647;
			files = (
			);
			runOnlyForDeploymentPostprocessing = 0;
		};
		93AE3CF92B659BD70079217F /* Frameworks */ = {
			isa = PBXFrameworksBuildPhase;
			buildActionMask = 2147483647;
			files = (
			);
			runOnlyForDeploymentPostprocessing = 0;
		};
/* End PBXFrameworksBuildPhase section */

/* Begin PBXGroup section */
		93AE3CD92B659BD50079217F = {
			isa = PBXGroup;
			children = (
				93AE3CE42B659BD50079217F /* Trivia Game */,
				93AE3CF52B659BD70079217F /* Trivia GameTests */,
				93AE3CFF2B659BD70079217F /* Trivia GameUITests */,
				93AE3CE32B659BD50079217F /* Products */,
			);
			sourceTree = "<group>";
		};
		93AE3CE32B659BD50079217F /* Products */ = {
			isa = PBXGroup;
			children = (
				93AE3CE22B659BD50079217F /* Trivia Game.app */,
				93AE3CF22B659BD70079217F /* Trivia GameTests.xctest */,
				93AE3CFC2B659BD70079217F /* Trivia GameUITests.xctest */,
			);
			name = Products;
			sourceTree = "<group>";
		};
		93AE3CE42B659BD50079217F /* Trivia Game */ = {
			isa = PBXGroup;
			children = (
				93AE3CE52B659BD50079217F /* Trivia_GameApp.swift */,
				93AE3CE72B659BD50079217F /* ContentView.swift */,
				93AE3CE92B659BD70079217F /* Assets.xcassets */,
				93AE3CEB2B659BD70079217F /* Preview Content */,
			);
			path = "Trivia Game";
			sourceTree = "<group>";
		};
		93AE3CEB2B659BD70079217F /* Preview Content */ = {
			isa = PBXGroup;
			children = (
				93AE3CEC2B659BD70079217F /* Preview Assets.xcassets */,
			);
			path = "Preview Content";
			sourceTree = "<group>";
		};
		93AE3CF52B659BD70079217F /* Trivia GameTests */ = {
			isa = PBXGroup;
			children = (
				93AE3CF62B659BD70079217F /* Trivia_GameTests.swift */,
			);
			path = "Trivia GameTests";
			sourceTree = "<group>";
		};
		93AE3CFF2B659BD70079217F /* Trivia GameUITests */ = {
			isa = PBXGroup;
			children = (
				93AE3D002B659BD70079217F /* Trivia_GameUITests.swift */,
				93AE3D022B659BD70079217F /* Trivia_GameUITestsLaunchTests.swift */,
			);
			path = "Trivia GameUITests";
			sourceTree = "<group>";
		};
/* End PBXGroup section */

/* Begin PBXNativeTarget section */
		93AE3CE12B659BD50079217F /* Trivia Game */ = {
			isa = PBXNativeTarget;
			buildConfigurationList = 93AE3D062B659BD70079217F /* Build configuration list for PBXNativeTarget "Trivia Game" */;
			buildPhases = (
				93AE3CDE2B659BD50079217F /* Sources */,
				93AE3CDF2B659BD50079217F /* Frameworks */,
				93AE3CE02B659BD50079217F /* Resources */,
			);
			buildRules = (
			);
			dependencies = (
			);
			name = "Trivia Game";
			productName = "Trivia Game";
			productReference = 93AE3CE22B659BD50079217F /* Trivia Game.app */;
			productType = "com.apple.product-type.application";
		};
		93AE3CF12B659BD70079217F /* Trivia GameTests */ = {
			isa = PBXNativeTarget;
			buildConfigurationList = 93AE3D092B659BD70079217F /* Build configuration list for PBXNativeTarget "Trivia GameTests" */;
			buildPhases = (
				93AE3CEE2B659BD70079217F /* Sources */,
				93AE3CEF2B659BD70079217F /* Frameworks */,
				93AE3CF02B659BD70079217F /* Resources */,
			);
			buildRules = (
			);
			dependencies = (
				93AE3CF42B659BD70079217F /* PBXTargetDependency */,
			);
			name = "Trivia GameTests";
			productName = "Trivia GameTests";
			productReference = 93AE3CF22B659BD70079217F /* Trivia GameTests.xctest */;
			productType = "com.apple.product-type.bundle.unit-test";
		};
		93AE3CFB2B659BD70079217F /* Trivia GameUITests */ = {
			isa = PBXNativeTarget;
			buildConfigurationList = 93AE3D0C2B659BD70079217F /* Build configuration list for PBXNativeTarget "Trivia GameUITests" */;
			buildPhases = (
				93AE3CF82B659BD70079217F /* Sources */,
				93AE3CF92B659BD70079217F /* Frameworks */,
				93AE3CFA2B659BD70079217F /* Resources */,
			);
			buildRules = (
			);
			dependencies = (
				93AE3CFE2B659BD70079217F /* PBXTargetDependency */,
			);
			name = "Trivia GameUITests";
			productName = "Trivia GameUITests";
			productReference = 93AE3CFC2B659BD70079217F /* Trivia GameUITests.xctest */;
			productType = "com.apple.product-type.bundle.ui-testing";
		};
/* End PBXNativeTarget section */

/* Begin PBXProject section */
		93AE3CDA2B659BD50079217F /* Project object */ = {
			isa = PBXProject;
			attributes = {
				BuildIndependentTargetsInParallel = 1;
				LastSwiftUpdateCheck = 1520;
				LastUpgradeCheck = 1520;
				TargetAttributes = {
					93AE3CE12B659BD50079217F = {
						CreatedOnToolsVersion = 15.2;
					};
					93AE3CF12B659BD70079217F = {
						CreatedOnToolsVersion = 15.2;
						TestTargetID = 93AE3CE12B659BD50079217F;
					};
					93AE3CFB2B659BD70079217F = {
						CreatedOnToolsVersion = 15.2;
						TestTargetID = 93AE3CE12B659BD50079217F;
					};
				};
			};
			buildConfigurationList = 93AE3CDD2B659BD50079217F /* Build configuration list for PBXProject "Trivia Game" */;
			compatibilityVersion = "Xcode 14.0";
			developmentRegion = en;
			hasScannedForEncodings = 0;
			knownRegions = (
				en,
				Base,
			);
			mainGroup = 93AE3CD92B659BD50079217F;
			productRefGroup = 93AE3CE32B659BD50079217F /* Products */;
			projectDirPath = "";
			projectRoot = "";
			targets = (
				93AE3CE12B659BD50079217F /* Trivia Game */,
				93AE3CF12B659BD70079217F /* Trivia GameTests */,
				93AE3CFB2B659BD70079217F /* Trivia GameUITests */,
			);
		};
/* End PBXProject section */

/* Begin PBXResourcesBuildPhase section */
		93AE3CE02B659BD50079217F /* Resources */ = {
			isa = PBXResourcesBuildPhase;
			buildActionMask = 2147483647;
			files = (
				93AE3CED2B659BD70079217F /* Preview Assets.xcassets in Resources */,
				93AE3CEA2B659BD70079217F /* Assets.xcassets in Resources */,
			);
			runOnlyForDeploymentPostprocessing = 0;
		};
		93AE3CF02B659BD70079217F /* Resources */ = {
			isa = PBXResourcesBuildPhase;
			buildActionMask = 2147483647;
			files = (
			);
			runOnlyForDeploymentPostprocessing = 0;
		};
		93AE3CFA2B659BD70079217F /* Resources */ = {
			isa = PBXResourcesBuildPhase;
			buildActionMask = 2147483647;
			files = (
			);
			runOnlyForDeploymentPostprocessing = 0;
		};
/* End PBXResourcesBuildPhase section */

/* Begin PBXSourcesBuildPhase section */
		93AE3CDE2B659BD50079217F /* Sources */ = {
			isa = PBXSourcesBuildPhase;
			buildActionMask = 2147483647;
			files = (
				93AE3CE82B659BD50079217F /* ContentView.swift in Sources */,
				93AE3CE62B659BD50079217F /* Trivia_GameApp.swift in Sources */,
			);
			runOnlyForDeploymentPostprocessing = 0;
		};
		93AE3CEE2B659BD70079217F /* Sources */ = {
			isa = PBXSourcesBuildPhase;
			buildActionMask = 2147483647;
			files = (
				93AE3CF72B659BD70079217F /* Trivia_GameTests.swift in Sources */,
			);
			runOnlyForDeploymentPostprocessing = 0;
		};
		93AE3CF82B659BD70079217F /* Sources */ = {
			isa = PBXSourcesBuildPhase;
			buildActionMask = 2147483647;
			files = (
				93AE3D012B659BD70079217F /* Trivia_GameUITests.swift in Sources */,
				93AE3D032B659BD70079217F /* Trivia_GameUITestsLaunchTests.swift in Sources */,
			);
			runOnlyForDeploymentPostprocessing = 0;
		};
/* End PBXSourcesBuildPhase section */

/* Begin PBXTargetDependency section */
		93AE3CF42B659BD70079217F /* PBXTargetDependency */ = {
			isa = PBXTargetDependency;
			target = 93AE3CE12B659BD50079217F /* Trivia Game */;
			targetProxy = 93AE3CF32B659BD70079217F /* PBXContainerItemProxy */;
		};
		93AE3CFE2B659BD70079217F /* PBXTargetDependency */ = {
			isa = PBXTargetDependency;
			target = 93AE3CE12B659BD50079217F /* Trivia Game */;
			targetProxy = 93AE3CFD2B659BD70079217F /* PBXContainerItemProxy */;
		};
/* End PBXTargetDependency section */

/* Begin XCBuildConfiguration section */
		93AE3D042B659BD70079217F /* Debug */ = {
			isa = XCBuildConfiguration;
			buildSettings = {
				ALWAYS_SEARCH_USER_PATHS = NO;
				ASSETCATALOG_COMPILER_GENERATE_SWIFT_ASSET_SYMBOL_EXTENSIONS = YES;
				CLANG_ANALYZER_NONNULL = YES;
				CLANG_ANALYZER_NUMBER_OBJECT_CONVERSION = YES_AGGRESSIVE;
				CLANG_CXX_LANGUAGE_STANDARD = "gnu++20";
				CLANG_ENABLE_MODULES = YES;
				CLANG_ENABLE_OBJC_ARC = YES;
				CLANG_ENABLE_OBJC_WEAK = YES;
				CLANG_WARN_BLOCK_CAPTURE_AUTORELEASING = YES;
				CLANG_WARN_BOOL_CONVERSION = YES;
				CLANG_WARN_COMMA = YES;
				CLANG_WARN_CONSTANT_CONVERSION = YES;
				CLANG_WARN_DEPRECATED_OBJC_IMPLEMENTATIONS = YES;
				CLANG_WARN_DIRECT_OBJC_ISA_USAGE = YES_ERROR;
				CLANG_WARN_DOCUMENTATION_COMMENTS = YES;
				CLANG_WARN_EMPTY_BODY = YES;
				CLANG_WARN_ENUM_CONVERSION = YES;
				CLANG_WARN_INFINITE_RECURSION = YES;
				CLANG_WARN_INT_CONVERSION = YES;
				CLANG_WARN_NON_LITERAL_NULL_CONVERSION = YES;
				CLANG_WARN_OBJC_IMPLICIT_RETAIN_SELF = YES;
				CLANG_WARN_OBJC_LITERAL_CONVERSION = YES;
				CLANG_WARN_OBJC_ROOT_CLASS = YES_ERROR;
				CLANG_WARN_QUOTED_INCLUDE_IN_FRAMEWORK_HEADER = YES;
				CLANG_WARN_RANGE_LOOP_ANALYSIS = YES;
				CLANG_WARN_STRICT_PROTOTYPES = YES;
				CLANG_WARN_SUSPICIOUS_MOVE = YES;
				CLANG_WARN_UNGUARDED_AVAILABILITY = YES_AGGRESSIVE;
				CLANG_WARN_UNREACHABLE_CODE = YES;
				CLANG_WARN__DUPLICATE_METHOD_MATCH = YES;
				COPY_PHASE_STRIP = NO;
				DEBUG_INFORMATION_FORMAT = dwarf;
				ENABLE_STRICT_OBJC_MSGSEND = YES;
				ENABLE_TESTABILITY = YES;
				ENABLE_USER_SCRIPT_SANDBOXING = YES;
				GCC_C_LANGUAGE_STANDARD = gnu17;
				GCC_DYNAMIC_NO_PIC = NO;
				GCC_NO_COMMON_BLOCKS = YES;
				GCC_OPTIMIZATION_LEVEL = 0;
				GCC_PREPROCESSOR_DEFINITIONS = (
					"DEBUG=1",
					"$(inherited)",
				);
				GCC_WARN_64_TO_32_BIT_CONVERSION = YES;
				GCC_WARN_ABOUT_RETURN_TYPE = YES_ERROR;
				GCC_WARN_UNDECLARED_SELECTOR = YES;
				GCC_WARN_UNINITIALIZED_AUTOS = YES_AGGRESSIVE;
				GCC_WARN_UNUSED_FUNCTION = YES;
				GCC_WARN_UNUSED_VARIABLE = YES;
				IPHONEOS_DEPLOYMENT_TARGET = 17.2;
				LOCALIZATION_PREFERS_STRING_CATALOGS = YES;
				MTL_ENABLE_DEBUG_INFO = INCLUDE_SOURCE;
				MTL_FAST_MATH = YES;
				ONLY_ACTIVE_ARCH = YES;
				SDKROOT = iphoneos;
				SWIFT_ACTIVE_COMPILATION_CONDITIONS = "DEBUG $(inherited)";
				SWIFT_OPTIMIZATION_LEVEL = "-Onone";
			};
			name = Debug;
		};
		93AE3D052B659BD70079217F /* Release */ = {
			isa = XCBuildConfiguration;
			buildSettings = {
				ALWAYS_SEARCH_USER_PATHS = NO;
				ASSETCATALOG_COMPILER_GENERATE_SWIFT_ASSET_SYMBOL_EXTENSIONS = YES;
				CLANG_ANALYZER_NONNULL = YES;
				CLANG_ANALYZER_NUMBER_OBJECT_CONVERSION = YES_AGGRESSIVE;
				CLANG_CXX_LANGUAGE_STANDARD = "gnu++20";
				CLANG_ENABLE_MODULES = YES;
				CLANG_ENABLE_OBJC_ARC = YES;
				CLANG_ENABLE_OBJC_WEAK = YES;
				CLANG_WARN_BLOCK_CAPTURE_AUTORELEASING = YES;
				CLANG_WARN_BOOL_CONVERSION = YES;
				CLANG_WARN_COMMA = YES;
				CLANG_WARN_CONSTANT_CONVERSION = YES;
				CLANG_WARN_DEPRECATED_OBJC_IMPLEMENTATIONS = YES;
				CLANG_WARN_DIRECT_OBJC_ISA_USAGE = YES_ERROR;
				CLANG_WARN_DOCUMENTATION_COMMENTS = YES;
				CLANG_WARN_EMPTY_BODY = YES;
				CLANG_WARN_ENUM_CONVERSION = YES;
				CLANG_WARN_INFINITE_RECURSION = YES;
				CLANG_WARN_INT_CONVERSION = YES;
				CLANG_WARN_NON_LITERAL_NULL_CONVERSION = YES;
				CLANG_WARN_OBJC_IMPLICIT_RETAIN_SELF = YES;
				CLANG_WARN_OBJC_LITERAL_CONVERSION = YES;
				CLANG_WARN_OBJC_ROOT_CLASS = YES_ERROR;
				CLANG_WARN_QUOTED_INCLUDE_IN_FRAMEWORK_HEADER = YES;
				CLANG_WARN_RANGE_LOOP_ANALYSIS = YES;
				CLANG_WARN_STRICT_PROTOTYPES = YES;
				CLANG_WARN_SUSPICIOUS_MOVE = YES;
				CLANG_WARN_UNGUARDED_AVAILABILITY = YES_AGGRESSIVE;
				CLANG_WARN_UNREACHABLE_CODE = YES;
				CLANG_WARN__DUPLICATE_METHOD_MATCH = YES;
				COPY_PHASE_STRIP = NO;
				DEBUG_INFORMATION_FORMAT = "dwarf-with-dsym";
				ENABLE_NS_ASSERTIONS = NO;
				ENABLE_STRICT_OBJC_MSGSEND = YES;
				ENABLE_USER_SCRIPT_SANDBOXING = YES;
				GCC_C_LANGUAGE_STANDARD = gnu17;
				GCC_NO_COMMON_BLOCKS = YES;
				GCC_WARN_64_TO_32_BIT_CONVERSION = YES;
				GCC_WARN_ABOUT_RETURN_TYPE = YES_ERROR;
				GCC_WARN_UNDECLARED_SELECTOR = YES;
				GCC_WARN_UNINITIALIZED_AUTOS = YES_AGGRESSIVE;
				GCC_WARN_UNUSED_FUNCTION = YES;
				GCC_WARN_UNUSED_VARIABLE = YES;
				IPHONEOS_DEPLOYMENT_TARGET = 17.2;
				LOCALIZATION_PREFERS_STRING_CATALOGS = YES;
				MTL_ENABLE_DEBUG_INFO = NO;
				MTL_FAST_MATH = YES;
				SDKROOT = iphoneos;
				SWIFT_COMPILATION_MODE = wholemodule;
				VALIDATE_PRODUCT = YES;
			};
			name = Release;
		};
		93AE3D072B659BD70079217F /* Debug */ = {
			isa = XCBuildConfiguration;
			buildSettings = {
				ASSETCATALOG_COMPILER_APPICON_NAME = AppIcon;
				ASSETCATALOG_COMPILER_GLOBAL_ACCENT_COLOR_NAME = AccentColor;
				CODE_SIGN_STYLE = Automatic;
				CURRENT_PROJECT_VERSION = 1;
				DEVELOPMENT_ASSET_PATHS = "\"Trivia Game/Preview Content\"";
				ENABLE_PREVIEWS = YES;
				GENERATE_INFOPLIST_FILE = YES;
				INFOPLIST_KEY_UIApplicationSceneManifest_Generation = YES;
				INFOPLIST_KEY_UIApplicationSupportsIndirectInputEvents = YES;
				INFOPLIST_KEY_UILaunchScreen_Generation = YES;
				INFOPLIST_KEY_UISupportedInterfaceOrientations_iPad = "UIInterfaceOrientationPortrait UIInterfaceOrientationPortraitUpsideDown UIInterfaceOrientationLandscapeLeft UIInterfaceOrientationLandscapeRight";
				INFOPLIST_KEY_UISupportedInterfaceOrientations_iPhone = "UIInterfaceOrientationPortrait UIInterfaceOrientationLandscapeLeft UIInterfaceOrientationLandscapeRight";
				LD_RUNPATH_SEARCH_PATHS = (
					"$(inherited)",
					"@executable_path/Frameworks",
				);
				MARKETING_VERSION = 1.0;
				PRODUCT_BUNDLE_IDENTIFIER = "Vansh-Talreja.Trivia-Game";
				PRODUCT_NAME = "$(TARGET_NAME)";
				SWIFT_EMIT_LOC_STRINGS = YES;
				SWIFT_VERSION = 5.0;
				TARGETED_DEVICE_FAMILY = "1,2";
			};
			name = Debug;
		};
		93AE3D082B659BD70079217F /* Release */ = {
			isa = XCBuildConfiguration;
			buildSettings = {
				ASSETCATALOG_COMPILER_APPICON_NAME = AppIcon;
				ASSETCATALOG_COMPILER_GLOBAL_ACCENT_COLOR_NAME = AccentColor;
				CODE_SIGN_STYLE = Automatic;
				CURRENT_PROJECT_VERSION = 1;
				DEVELOPMENT_ASSET_PATHS = "\"Trivia Game/Preview Content\"";
				ENABLE_PREVIEWS = YES;
				GENERATE_INFOPLIST_FILE = YES;
				INFOPLIST_KEY_UIApplicationSceneManifest_Generation = YES;
				INFOPLIST_KEY_UIApplicationSupportsIndirectInputEvents = YES;
				INFOPLIST_KEY_UILaunchScreen_Generation = YES;
				INFOPLIST_KEY_UISupportedInterfaceOrientations_iPad = "UIInterfaceOrientationPortrait UIInterfaceOrientationPortraitUpsideDown UIInterfaceOrientationLandscapeLeft UIInterfaceOrientationLandscapeRight";
				INFOPLIST_KEY_UISupportedInterfaceOrientations_iPhone = "UIInterfaceOrientationPortrait UIInterfaceOrientationLandscapeLeft UIInterfaceOrientationLandscapeRight";
				LD_RUNPATH_SEARCH_PATHS = (
					"$(inherited)",
					"@executable_path/Frameworks",
				);
				MARKETING_VERSION = 1.0;
				PRODUCT_BUNDLE_IDENTIFIER = "Vansh-Talreja.Trivia-Game";
				PRODUCT_NAME = "$(TARGET_NAME)";
				SWIFT_EMIT_LOC_STRINGS = YES;
				SWIFT_VERSION = 5.0;
				TARGETED_DEVICE_FAMILY = "1,2";
			};
			name = Release;
		};
		93AE3D0A2B659BD70079217F /* Debug */ = {
			isa = XCBuildConfiguration;
			buildSettings = {
				ALWAYS_EMBED_SWIFT_STANDARD_LIBRARIES = YES;
				BUNDLE_LOADER = "$(TEST_HOST)";
				CODE_SIGN_STYLE = Automatic;
				CURRENT_PROJECT_VERSION = 1;
				GENERATE_INFOPLIST_FILE = YES;
				IPHONEOS_DEPLOYMENT_TARGET = 17.2;
				MARKETING_VERSION = 1.0;
				PRODUCT_BUNDLE_IDENTIFIER = "Vansh-Talreja.Trivia-GameTests";
				PRODUCT_NAME = "$(TARGET_NAME)";
				SWIFT_EMIT_LOC_STRINGS = NO;
				SWIFT_VERSION = 5.0;
				TARGETED_DEVICE_FAMILY = "1,2";
				TEST_HOST = "$(BUILT_PRODUCTS_DIR)/Trivia Game.app/$(BUNDLE_EXECUTABLE_FOLDER_PATH)/Trivia Game";
			};
			name = Debug;
		};
		93AE3D0B2B659BD70079217F /* Release */ = {
			isa = XCBuildConfiguration;
			buildSettings = {
				ALWAYS_EMBED_SWIFT_STANDARD_LIBRARIES = YES;
				BUNDLE_LOADER = "$(TEST_HOST)";
				CODE_SIGN_STYLE = Automatic;
				CURRENT_PROJECT_VERSION = 1;
				GENERATE_INFOPLIST_FILE = YES;
				IPHONEOS_DEPLOYMENT_TARGET = 17.2;
				MARKETING_VERSION = 1.0;
				PRODUCT_BUNDLE_IDENTIFIER = "Vansh-Talreja.Trivia-GameTests";
				PRODUCT_NAME = "$(TARGET_NAME)";
				SWIFT_EMIT_LOC_STRINGS = NO;
				SWIFT_VERSION = 5.0;
				TARGETED_DEVICE_FAMILY = "1,2";
				TEST_HOST = "$(BUILT_PRODUCTS_DIR)/Trivia Game.app/$(BUNDLE_EXECUTABLE_FOLDER_PATH)/Trivia Game";
			};
			name = Release;
		};
		93AE3D0D2B659BD70079217F /* Debug */ = {
			isa = XCBuildConfiguration;
			buildSettings = {
				ALWAYS_EMBED_SWIFT_STANDARD_LIBRARIES = YES;
				CODE_SIGN_STYLE = Automatic;
				CURRENT_PROJECT_VERSION = 1;
				GENERATE_INFOPLIST_FILE = YES;
				MARKETING_VERSION = 1.0;
				PRODUCT_BUNDLE_IDENTIFIER = "Vansh-Talreja.Trivia-GameUITests";
				PRODUCT_NAME = "$(TARGET_NAME)";
				SWIFT_EMIT_LOC_STRINGS = NO;
				SWIFT_VERSION = 5.0;
				TARGETED_DEVICE_FAMILY = "1,2";
				TEST_TARGET_NAME = "Trivia Game";
			};
			name = Debug;
		};
		93AE3D0E2B659BD70079217F /* Release */ = {
			isa = XCBuildConfiguration;
			buildSettings = {
				ALWAYS_EMBED_SWIFT_STANDARD_LIBRARIES = YES;
				CODE_SIGN_STYLE = Automatic;
				CURRENT_PROJECT_VERSION = 1;
				GENERATE_INFOPLIST_FILE = YES;
				MARKETING_VERSION = 1.0;
				PRODUCT_BUNDLE_IDENTIFIER = "Vansh-Talreja.Trivia-GameUITests";
				PRODUCT_NAME = "$(TARGET_NAME)";
				SWIFT_EMIT_LOC_STRINGS = NO;
				SWIFT_VERSION = 5.0;
				TARGETED_DEVICE_FAMILY = "1,2";
				TEST_TARGET_NAME = "Trivia Game";
			};
			name = Release;
		};
/* End XCBuildConfiguration section */

/* Begin XCConfigurationList section */
		93AE3CDD2B659BD50079217F /* Build configuration list for PBXProject "Trivia Game" */ = {
			isa = XCConfigurationList;
			buildConfigurations = (
				93AE3D042B659BD70079217F /* Debug */,
				93AE3D052B659BD70079217F /* Release */,
			);
			defaultConfigurationIsVisible = 0;
			defaultConfigurationName = Release;
		};
		93AE3D062B659BD70079217F /* Build configuration list for PBXNativeTarget "Trivia Game" */ = {
			isa = XCConfigurationList;
			buildConfigurations = (
				93AE3D072B659BD70079217F /* Debug */,
				93AE3D082B659BD70079217F /* Release */,
			);
			defaultConfigurationIsVisible = 0;
			defaultConfigurationName = Release;
		};
		93AE3D092B659BD70079217F /* Build configuration list for PBXNativeTarget "Trivia GameTests" */ = {
			isa = XCConfigurationList;
			buildConfigurations = (
				93AE3D0A2B659BD70079217F /* Debug */,
				93AE3D0B2B659BD70079217F /* Release */,
			);
			defaultConfigurationIsVisible = 0;
			defaultConfigurationName = Release;
		};
		93AE3D0C2B659BD70079217F /* Build configuration list for PBXNativeTarget "Trivia GameUITests" */ = {
			isa = XCConfigurationList;
			buildConfigurations = (
				93AE3D0D2B659BD70079217F /* Debug */,
				93AE3D0E2B659BD70079217F /* Release */,
			);
			defaultConfigurationIsVisible = 0;
			defaultConfigurationName = Release;
		};
/* End XCConfigurationList section */
	};
	rootObject = 93AE3CDA2B659BD50079217F /* Project object */;
}
